
Microsoft Visual Studio Solution File, Format Version 12.00
# Visual Studio Version 16
VisualStudioVersion = 16.0.31205.134
MinimumVisualStudioVersion = 10.0.40219.1
Project("{2150E333-8FDC-42A3-9474-1A3956D46DE8}") = "03.Services", "03.Services", "{A4038F70-AAE4-433E-B92B-6CC783FED762}"
EndProject
Project("{9A19103F-16F7-4668-BE54-9A1E7A4F7556}") = "BRMSTools.API", "BRMSTools.API.csproj", "{1FC2F12F-49F1-4E28-8627-87B814CB44A8}"
EndProject
Project("{2150E333-8FDC-42A3-9474-1A3956D46DE8}") = "02.Business", "02.Business", "{E1FDF268-0AA5-4689-928B-2C0E322579D5}"
EndProject
Project("{2150E333-8FDC-42A3-9474-1A3956D46DE8}") = "00.Crosscutting", "00.Crosscutting", "{33D4006F-5AB2-4DEC-8436-4647C6A07B2A}"
EndProject
Project("{2150E333-8FDC-42A3-9474-1A3956D46DE8}") = "01.Persistence", "01.Persistence", "{C9DF1C70-DE41-40B8-8C77-C28F0B3ECB66}"
EndProject
Project("{2150E333-8FDC-42A3-9474-1A3956D46DE8}") = "04.Presentation", "04.Presentation", "{07F44662-A4B2-49E9-89C8-37695C14A1FB}"
EndProject
Project("{2150E333-8FDC-42A3-9474-1A3956D46DE8}") = "05.Test", "05.Test", "{B6978D64-8143-48D6-9E0A-704F28E810ED}"
EndProject
Project("{2150E333-8FDC-42A3-9474-1A3956D46DE8}") = "Deployment", "Deployment", "{B6BECC6D-0AC6-435B-AF8B-18B4AFDCB42E}"
	ProjectSection(SolutionItems) = preProject
		CreateDatabaseSqlQuery.sql = CreateDatabaseSqlQuery.sql
	EndProjectSection
EndProject
Project("{9A19103F-16F7-4668-BE54-9A1E7A4F7556}") = "BRMSTools.DAL", "..\BRMSTools.DAL\BRMSTools.DAL.csproj", "{846D1B60-AC87-4AA0-9936-AED2ECB196AB}"
EndProject
Project("{9A19103F-16F7-4668-BE54-9A1E7A4F7556}") = "BRMSTools.API.Utilities", "..\BRMSTools.API.Utilities\BRMSTools.API.Utilities.csproj", "{F56C6E97-08E8-4B20-AF1D-E12321093BBA}"
EndProject
Project("{9A19103F-16F7-4668-BE54-9A1E7A4F7556}") = "BRMSTools.Jobs", "..\BRMSTools.Jobs\BRMSTools.Jobs.csproj", "{4B02B4E1-9D80-452F-AAD4-2AB395D110D9}"
EndProject
Project("{9A19103F-16F7-4668-BE54-9A1E7A4F7556}") = "BRMSTools.Common", "..\BRMSTools.Common\BRMSTools.Common.csproj", "{C042A482-CB80-47BB-AE76-75FA4EC79A35}"
EndProject
Project("{9A19103F-16F7-4668-BE54-9A1E7A4F7556}") = "BRMSTools.API.Tests", "..\BRMSTools.API.Tests\BRMSTools.API.Tests.csproj", "{174D56E2-0B87-4485-B4D2-EC07A4458119}"
EndProject
Project("{9A19103F-16F7-4668-BE54-9A1E7A4F7556}") = "NCDB", "..\NCDB\NCDB.csproj", "{D940A278-BD44-4F35-AE54-2FF248EF9A2C}"
EndProject
Project("{9A19103F-16F7-4668-BE54-9A1E7A4F7556}") = "CreditBureau", "..\CreditBureau\CreditBureau.csproj", "{FCC19A60-6B8E-4806-BA3B-9895C9675CFC}"
EndProject
Project("{9A19103F-16F7-4668-BE54-9A1E7A4F7556}") = "BRMSWebApp", "..\BRMSTools.Web\BRMSWebApp.csproj", "{E50B63E9-3DDF-4441-9C8A-A9515538A9DB}"
EndProject
Project("{2150E333-8FDC-42A3-9474-1A3956D46DE8}") = "Solution Items", "Solution Items", "{36A41D82-E68A-415E-9E36-6F538B353B5C}"
	ProjectSection(SolutionItems) = preProject
		Readme.txt = Readme.txt
	EndProjectSection
EndProject
Global
	GlobalSection(SolutionConfigurationPlatforms) = preSolution
		Debug|Any CPU = Debug|Any CPU
		Release|Any CPU = Release|Any CPU
	EndGlobalSection
	GlobalSection(ProjectConfigurationPlatforms) = postSolution
		{1FC2F12F-49F1-4E28-8627-87B814CB44A8}.Debug|Any CPU.ActiveCfg = Debug|Any CPU
		{1FC2F12F-49F1-4E28-8627-87B814CB44A8}.Debug|Any CPU.Build.0 = Debug|Any CPU
		{1FC2F12F-49F1-4E28-8627-87B814CB44A8}.Release|Any CPU.ActiveCfg = Release|Any CPU
		{1FC2F12F-49F1-4E28-8627-87B814CB44A8}.Release|Any CPU.Build.0 = Release|Any CPU
		{846D1B60-AC87-4AA0-9936-AED2ECB196AB}.Debug|Any CPU.ActiveCfg = Debug|Any CPU
		{846D1B60-AC87-4AA0-9936-AED2ECB196AB}.Debug|Any CPU.Build.0 = Debug|Any CPU
		{846D1B60-AC87-4AA0-9936-AED2ECB196AB}.Release|Any CPU.ActiveCfg = Release|Any CPU
		{846D1B60-AC87-4AA0-9936-AED2ECB196AB}.Release|Any CPU.Build.0 = Release|Any CPU
		{F56C6E97-08E8-4B20-AF1D-E12321093BBA}.Debug|Any CPU.ActiveCfg = Debug|Any CPU
		{F56C6E97-08E8-4B20-AF1D-E12321093BBA}.Debug|Any CPU.Build.0 = Debug|Any CPU
		{F56C6E97-08E8-4B20-AF1D-E12321093BBA}.Release|Any CPU.ActiveCfg = Release|Any CPU
		{F56C6E97-08E8-4B20-AF1D-E12321093BBA}.Release|Any CPU.Build.0 = Release|Any CPU
		{4B02B4E1-9D80-452F-AAD4-2AB395D110D9}.Debug|Any CPU.ActiveCfg = Debug|Any CPU
		{4B02B4E1-9D80-452F-AAD4-2AB395D110D9}.Debug|Any CPU.Build.0 = Debug|Any CPU
		{4B02B4E1-9D80-452F-AAD4-2AB395D110D9}.Release|Any CPU.ActiveCfg = Release|Any CPU
		{4B02B4E1-9D80-452F-AAD4-2AB395D110D9}.Release|Any CPU.Build.0 = Release|Any CPU
		{C042A482-CB80-47BB-AE76-75FA4EC79A35}.Debug|Any CPU.ActiveCfg = Debug|Any CPU
		{C042A482-CB80-47BB-AE76-75FA4EC79A35}.Debug|Any CPU.Build.0 = Debug|Any CPU
		{C042A482-CB80-47BB-AE76-75FA4EC79A35}.Release|Any CPU.ActiveCfg = Release|Any CPU
		{C042A482-CB80-47BB-AE76-75FA4EC79A35}.Release|Any CPU.Build.0 = Release|Any CPU
		{174D56E2-0B87-4485-B4D2-EC07A4458119}.Debug|Any CPU.ActiveCfg = Debug|Any CPU
		{174D56E2-0B87-4485-B4D2-EC07A4458119}.Debug|Any CPU.Build.0 = Debug|Any CPU
		{174D56E2-0B87-4485-B4D2-EC07A4458119}.Release|Any CPU.ActiveCfg = Release|Any CPU
		{174D56E2-0B87-4485-B4D2-EC07A4458119}.Release|Any CPU.Build.0 = Release|Any CPU
		{D940A278-BD44-4F35-AE54-2FF248EF9A2C}.Debug|Any CPU.ActiveCfg = Debug|Any CPU
		{D940A278-BD44-4F35-AE54-2FF248EF9A2C}.Debug|Any CPU.Build.0 = Debug|Any CPU
		{D940A278-BD44-4F35-AE54-2FF248EF9A2C}.Release|Any CPU.ActiveCfg = Release|Any CPU
		{D940A278-BD44-4F35-AE54-2FF248EF9A2C}.Release|Any CPU.Build.0 = Release|Any CPU
		{FCC19A60-6B8E-4806-BA3B-9895C9675CFC}.Debug|Any CPU.ActiveCfg = Debug|Any CPU
		{FCC19A60-6B8E-4806-BA3B-9895C9675CFC}.Debug|Any CPU.Build.0 = Debug|Any CPU
		{FCC19A60-6B8E-4806-BA3B-9895C9675CFC}.Release|Any CPU.ActiveCfg = Release|Any CPU
		{FCC19A60-6B8E-4806-BA3B-9895C9675CFC}.Release|Any CPU.Build.0 = Release|Any CPU
		{E50B63E9-3DDF-4441-9C8A-A9515538A9DB}.Debug|Any CPU.ActiveCfg = Debug|Any CPU
		{E50B63E9-3DDF-4441-9C8A-A9515538A9DB}.Debug|Any CPU.Build.0 = Debug|Any CPU
		{E50B63E9-3DDF-4441-9C8A-A9515538A9DB}.Release|Any CPU.ActiveCfg = Release|Any CPU
		{E50B63E9-3DDF-4441-9C8A-A9515538A9DB}.Release|Any CPU.Build.0 = Release|Any CPU
	EndGlobalSection
	GlobalSection(SolutionProperties) = preSolution
		HideSolutionNode = FALSE
	EndGlobalSection
	GlobalSection(NestedProjects) = preSolution
		{1FC2F12F-49F1-4E28-8627-87B814CB44A8} = {A4038F70-AAE4-433E-B92B-6CC783FED762}
		{846D1B60-AC87-4AA0-9936-AED2ECB196AB} = {C9DF1C70-DE41-40B8-8C77-C28F0B3ECB66}
		{F56C6E97-08E8-4B20-AF1D-E12321093BBA} = {A4038F70-AAE4-433E-B92B-6CC783FED762}
		{4B02B4E1-9D80-452F-AAD4-2AB395D110D9} = {A4038F70-AAE4-433E-B92B-6CC783FED762}
		{C042A482-CB80-47BB-AE76-75FA4EC79A35} = {33D4006F-5AB2-4DEC-8436-4647C6A07B2A}
		{174D56E2-0B87-4485-B4D2-EC07A4458119} = {B6978D64-8143-48D6-9E0A-704F28E810ED}
		{D940A278-BD44-4F35-AE54-2FF248EF9A2C} = {A4038F70-AAE4-433E-B92B-6CC783FED762}
		{FCC19A60-6B8E-4806-BA3B-9895C9675CFC} = {A4038F70-AAE4-433E-B92B-6CC783FED762}
		{E50B63E9-3DDF-4441-9C8A-A9515538A9DB} = {07F44662-A4B2-49E9-89C8-37695C14A1FB}
	EndGlobalSection
	GlobalSection(ExtensibilityGlobals) = postSolution
		SolutionGuid = {27794A77-5C20-4A20-84E7-88B02EE69A64}
	EndGlobalSection
EndGlobal
